
Microsoft Visual Studio Solution File, Format Version 12.00
# Visual Studio 15
VisualStudioVersion = 15.0.28307.102
MinimumVisualStudioVersion = 10.0.40219.1
Project("{FAE04EC0-301F-11D3-BF4B-00C04F79EFBC}") = "24.06.2019_Lesson", "24.06.2019_Lesson\24.06.2019_Lesson.csproj", "{0A44C626-3CFC-4644-AA67-008470DAF487}"
EndProject
Global
	GlobalSection(SolutionConfigurationPlatforms) = preSolution
		Debug|Any CPU = Debug|Any CPU
		Release|Any CPU = Release|Any CPU
	EndGlobalSection
	GlobalSection(ProjectConfigurationPlatforms) = postSolution
		{0A44C626-3CFC-4644-AA67-008470DAF487}.Debug|Any CPU.ActiveCfg = Debug|Any CPU
		{0A44C626-3CFC-4644-AA67-008470DAF487}.Debug|Any CPU.Build.0 = Debug|Any CPU
		{0A44C626-3CFC-4644-AA67-008470DAF487}.Release|Any CPU.ActiveCfg = Release|Any CPU
		{0A44C626-3CFC-4644-AA67-008470DAF487}.Release|Any CPU.Build.0 = Release|Any CPU
	EndGlobalSection
	GlobalSection(SolutionProperties) = preSolution
		HideSolutionNode = FALSE
	EndGlobalSection
	GlobalSection(ExtensibilityGlobals) = postSolution
		SolutionGuid = {023BE3B4-72EA-40EE-9426-9F63C855773E}
	EndGlobalSection
EndGlobal
